
Microsoft Visual Studio Solution File, Format Version 12.00
# Visual Studio Version 17
VisualStudioVersion = 17.0.31903.59
MinimumVisualStudioVersion = 10.0.40219.1
Project("{2150E333-8FDC-42A3-9474-1A3956D46DE8}") = "src", "src", "{827E0CD3-B72D-47B6-A68D-7590B98EB39B}"
EndProject
Project("{FAE04EC0-301F-11D3-BF4B-00C04F79EFBC}") = "Revit.Automation", "src\Revit.Automation\Revit.Automation.csproj", "{14A730EA-D0E5-4A2D-AACB-273BEDC3F4CD}"
EndProject
Project("{FAE04EC0-301F-11D3-BF4B-00C04F79EFBC}") = "Revit.UiPages", "src\Revit.UiPages\Revit.UiPages.csproj", "{4D5FC7F2-E661-4694-B3D4-3B673A95980B}"
EndProject
Project("{2150E333-8FDC-42A3-9474-1A3956D46DE8}") = "tests", "tests", "{0AB3BF05-4346-4AA6-1389-037BE0695223}"
EndProject
Project("{FAE04EC0-301F-11D3-BF4B-00C04F79EFBC}") = "Revit.UiTests", "tests\Revit.UiTests\Revit.UiTests.csproj", "{D3EB9A9F-DC0A-4EFE-9DA3-65F469A8B286}"
EndProject
Project("{FAE04EC0-301F-11D3-BF4B-00C04F79EFBC}") = "Revit.TestData", "src\Revit.TestData\Revit.TestData.csproj", "{6750451C-7F88-4051-892A-50DD7213B28C}"
EndProject
Global
	GlobalSection(SolutionConfigurationPlatforms) = preSolution
		Debug|Any CPU = Debug|Any CPU
		Debug|x64 = Debug|x64
		Debug|x86 = Debug|x86
		Release|Any CPU = Release|Any CPU
		Release|x64 = Release|x64
		Release|x86 = Release|x86
	EndGlobalSection
	GlobalSection(ProjectConfigurationPlatforms) = postSolution
		{14A730EA-D0E5-4A2D-AACB-273BEDC3F4CD}.Debug|Any CPU.ActiveCfg = Debug|Any CPU
		{14A730EA-D0E5-4A2D-AACB-273BEDC3F4CD}.Debug|Any CPU.Build.0 = Debug|Any CPU
		{14A730EA-D0E5-4A2D-AACB-273BEDC3F4CD}.Debug|x64.ActiveCfg = Debug|Any CPU
		{14A730EA-D0E5-4A2D-AACB-273BEDC3F4CD}.Debug|x64.Build.0 = Debug|Any CPU
		{14A730EA-D0E5-4A2D-AACB-273BEDC3F4CD}.Debug|x86.ActiveCfg = Debug|Any CPU
		{14A730EA-D0E5-4A2D-AACB-273BEDC3F4CD}.Debug|x86.Build.0 = Debug|Any CPU
		{14A730EA-D0E5-4A2D-AACB-273BEDC3F4CD}.Release|Any CPU.ActiveCfg = Release|Any CPU
		{14A730EA-D0E5-4A2D-AACB-273BEDC3F4CD}.Release|Any CPU.Build.0 = Release|Any CPU
		{14A730EA-D0E5-4A2D-AACB-273BEDC3F4CD}.Release|x64.ActiveCfg = Release|Any CPU
		{14A730EA-D0E5-4A2D-AACB-273BEDC3F4CD}.Release|x64.Build.0 = Release|Any CPU
		{14A730EA-D0E5-4A2D-AACB-273BEDC3F4CD}.Release|x86.ActiveCfg = Release|Any CPU
		{14A730EA-D0E5-4A2D-AACB-273BEDC3F4CD}.Release|x86.Build.0 = Release|Any CPU
		{4D5FC7F2-E661-4694-B3D4-3B673A95980B}.Debug|Any CPU.ActiveCfg = Debug|Any CPU
		{4D5FC7F2-E661-4694-B3D4-3B673A95980B}.Debug|Any CPU.Build.0 = Debug|Any CPU
		{4D5FC7F2-E661-4694-B3D4-3B673A95980B}.Debug|x64.ActiveCfg = Debug|Any CPU
		{4D5FC7F2-E661-4694-B3D4-3B673A95980B}.Debug|x64.Build.0 = Debug|Any CPU
		{4D5FC7F2-E661-4694-B3D4-3B673A95980B}.Debug|x86.ActiveCfg = Debug|Any CPU
		{4D5FC7F2-E661-4694-B3D4-3B673A95980B}.Debug|x86.Build.0 = Debug|Any CPU
		{4D5FC7F2-E661-4694-B3D4-3B673A95980B}.Release|Any CPU.ActiveCfg = Release|Any CPU
		{4D5FC7F2-E661-4694-B3D4-3B673A95980B}.Release|Any CPU.Build.0 = Release|Any CPU
		{4D5FC7F2-E661-4694-B3D4-3B673A95980B}.Release|x64.ActiveCfg = Release|Any CPU
		{4D5FC7F2-E661-4694-B3D4-3B673A95980B}.Release|x64.Build.0 = Release|Any CPU
		{4D5FC7F2-E661-4694-B3D4-3B673A95980B}.Release|x86.ActiveCfg = Release|Any CPU
		{4D5FC7F2-E661-4694-B3D4-3B673A95980B}.Release|x86.Build.0 = Release|Any CPU
		{D3EB9A9F-DC0A-4EFE-9DA3-65F469A8B286}.Debug|Any CPU.ActiveCfg = Debug|Any CPU
		{D3EB9A9F-DC0A-4EFE-9DA3-65F469A8B286}.Debug|Any CPU.Build.0 = Debug|Any CPU
		{D3EB9A9F-DC0A-4EFE-9DA3-65F469A8B286}.Debug|x64.ActiveCfg = Debug|Any CPU
		{D3EB9A9F-DC0A-4EFE-9DA3-65F469A8B286}.Debug|x64.Build.0 = Debug|Any CPU
		{D3EB9A9F-DC0A-4EFE-9DA3-65F469A8B286}.Debug|x86.ActiveCfg = Debug|Any CPU
		{D3EB9A9F-DC0A-4EFE-9DA3-65F469A8B286}.Debug|x86.Build.0 = Debug|Any CPU
		{D3EB9A9F-DC0A-4EFE-9DA3-65F469A8B286}.Release|Any CPU.ActiveCfg = Release|Any CPU
		{D3EB9A9F-DC0A-4EFE-9DA3-65F469A8B286}.Release|Any CPU.Build.0 = Release|Any CPU
		{D3EB9A9F-DC0A-4EFE-9DA3-65F469A8B286}.Release|x64.ActiveCfg = Release|Any CPU
		{D3EB9A9F-DC0A-4EFE-9DA3-65F469A8B286}.Release|x64.Build.0 = Release|Any CPU
		{D3EB9A9F-DC0A-4EFE-9DA3-65F469A8B286}.Release|x86.ActiveCfg = Release|Any CPU
		{D3EB9A9F-DC0A-4EFE-9DA3-65F469A8B286}.Release|x86.Build.0 = Release|Any CPU
		{6750451C-7F88-4051-892A-50DD7213B28C}.Debug|Any CPU.ActiveCfg = Debug|Any CPU
		{6750451C-7F88-4051-892A-50DD7213B28C}.Debug|Any CPU.Build.0 = Debug|Any CPU
		{6750451C-7F88-4051-892A-50DD7213B28C}.Debug|x64.ActiveCfg = Debug|Any CPU
		{6750451C-7F88-4051-892A-50DD7213B28C}.Debug|x64.Build.0 = Debug|Any CPU
		{6750451C-7F88-4051-892A-50DD7213B28C}.Debug|x86.ActiveCfg = Debug|Any CPU
		{6750451C-7F88-4051-892A-50DD7213B28C}.Debug|x86.Build.0 = Debug|Any CPU
		{6750451C-7F88-4051-892A-50DD7213B28C}.Release|Any CPU.ActiveCfg = Release|Any CPU
		{6750451C-7F88-4051-892A-50DD7213B28C}.Release|Any CPU.Build.0 = Release|Any CPU
		{6750451C-7F88-4051-892A-50DD7213B28C}.Release|x64.ActiveCfg = Release|Any CPU
		{6750451C-7F88-4051-892A-50DD7213B28C}.Release|x64.Build.0 = Release|Any CPU
		{6750451C-7F88-4051-892A-50DD7213B28C}.Release|x86.ActiveCfg = Release|Any CPU
		{6750451C-7F88-4051-892A-50DD7213B28C}.Release|x86.Build.0 = Release|Any CPU
	EndGlobalSection
	GlobalSection(SolutionProperties) = preSolution
		HideSolutionNode = FALSE
	EndGlobalSection
	GlobalSection(NestedProjects) = preSolution
		{14A730EA-D0E5-4A2D-AACB-273BEDC3F4CD} = {827E0CD3-B72D-47B6-A68D-7590B98EB39B}
		{4D5FC7F2-E661-4694-B3D4-3B673A95980B} = {827E0CD3-B72D-47B6-A68D-7590B98EB39B}
		{D3EB9A9F-DC0A-4EFE-9DA3-65F469A8B286} = {0AB3BF05-4346-4AA6-1389-037BE0695223}
		{6750451C-7F88-4051-892A-50DD7213B28C} = {827E0CD3-B72D-47B6-A68D-7590B98EB39B}
	EndGlobalSection
EndGlobal
